
Microsoft Visual Studio Solution File, Format Version 12.00
# Visual Studio Version 16
VisualStudioVersion = 16.0.30907.101
MinimumVisualStudioVersion = 10.0.40219.1
Project("{F184B08F-C81C-45F6-A57F-5ABD9991F28F}") = "LockerAllocation", "LockerAllocation\LockerAllocation.vbproj", "{984534C6-6923-49E1-93DB-BB177E76CC4C}"
EndProject
Global
	GlobalSection(SolutionConfigurationPlatforms) = preSolution
		Debug|Any CPU = Debug|Any CPU
		Release|Any CPU = Release|Any CPU
	EndGlobalSection
	GlobalSection(ProjectConfigurationPlatforms) = postSolution
		{984534C6-6923-49E1-93DB-BB177E76CC4C}.Debug|Any CPU.ActiveCfg = Debug|Any CPU
		{984534C6-6923-49E1-93DB-BB177E76CC4C}.Debug|Any CPU.Build.0 = Debug|Any CPU
		{984534C6-6923-49E1-93DB-BB177E76CC4C}.Release|Any CPU.ActiveCfg = Release|Any CPU
		{984534C6-6923-49E1-93DB-BB177E76CC4C}.Release|Any CPU.Build.0 = Release|Any CPU
	EndGlobalSection
	GlobalSection(SolutionProperties) = preSolution
		HideSolutionNode = FALSE
	EndGlobalSection
	GlobalSection(ExtensibilityGlobals) = postSolution
		SolutionGuid = {BC674C46-8389-4EEB-BA40-756732058546}
	EndGlobalSection
EndGlobal
